
Microsoft Visual Studio Solution File, Format Version 12.00
# Visual Studio Version 17
VisualStudioVersion = 17.9.34902.65
MinimumVisualStudioVersion = 10.0.40219.1
Project("{FAE04EC0-301F-11D3-BF4B-00C04F79EFBC}") = "ODT_System", "ODT_System.csproj", "{159A4DDD-66C6-42C5-91B8-9779F36DCF38}"
EndProject
Global
	GlobalSection(SolutionConfigurationPlatforms) = preSolution
		Debug|Any CPU = Debug|Any CPU
		Release|Any CPU = Release|Any CPU
	EndGlobalSection
	GlobalSection(ProjectConfigurationPlatforms) = postSolution
		{159A4DDD-66C6-42C5-91B8-9779F36DCF38}.Debug|Any CPU.ActiveCfg = Debug|Any CPU
		{159A4DDD-66C6-42C5-91B8-9779F36DCF38}.Debug|Any CPU.Build.0 = Debug|Any CPU
		{159A4DDD-66C6-42C5-91B8-9779F36DCF38}.Release|Any CPU.ActiveCfg = Release|Any CPU
		{159A4DDD-66C6-42C5-91B8-9779F36DCF38}.Release|Any CPU.Build.0 = Release|Any CPU
	EndGlobalSection
	GlobalSection(SolutionProperties) = preSolution
		HideSolutionNode = FALSE
	EndGlobalSection
	GlobalSection(ExtensibilityGlobals) = postSolution
		SolutionGuid = {6823C6D1-E865-4361-BD18-61BA0EDE3BEF}
	EndGlobalSection
EndGlobal
